// !$*UTF8*$!
{
	archiveVersion = 1;
	classes = {
	};
	objectVersion = 51;
	objects = {

/* Begin PBXBuildFile section */
		4814AA3C24E64E56002426F8 /* BuyDetail.storyboard in Resources */ = {isa = PBXBuildFile; fileRef = 4814AA3B24E64E56002426F8 /* BuyDetail.storyboard */; };
		4814AA3E24E64E78002426F8 /* BuyDetailController.swift in Sources */ = {isa = PBXBuildFile; fileRef = 4814AA3D24E64E78002426F8 /* BuyDetailController.swift */; };
		4814AA4024E65245002426F8 /* BuyDetailViewModel.swift in Sources */ = {isa = PBXBuildFile; fileRef = 4814AA3F24E65245002426F8 /* BuyDetailViewModel.swift */; };
		4814AA4424E6604E002426F8 /* BuyRecordViewModel.swift in Sources */ = {isa = PBXBuildFile; fileRef = 4814AA4324E6604E002426F8 /* BuyRecordViewModel.swift */; };
		4814AA4724E66873002426F8 /* ViewModelBindableType.swift in Sources */ = {isa = PBXBuildFile; fileRef = 4814AA4624E66873002426F8 /* ViewModelBindableType.swift */; };
		4814AA4A24E66B3D002426F8 /* TransitionModel.swift in Sources */ = {isa = PBXBuildFile; fileRef = 4814AA4924E66B3D002426F8 /* TransitionModel.swift */; };
		4814AA4C24E66BB2002426F8 /* Scene.swift in Sources */ = {isa = PBXBuildFile; fileRef = 4814AA4B24E66BB2002426F8 /* Scene.swift */; };
		4814AA4E24E674EB002426F8 /* SceneCoordinatorType.swift in Sources */ = {isa = PBXBuildFile; fileRef = 4814AA4D24E674EB002426F8 /* SceneCoordinatorType.swift */; };
		4814AA5024E675AF002426F8 /* SceneCoordinator.swift in Sources */ = {isa = PBXBuildFile; fileRef = 4814AA4F24E675AF002426F8 /* SceneCoordinator.swift */; };
		482E67CC24E63E18002C5BD6 /* BuyRecord.storyboard in Resources */ = {isa = PBXBuildFile; fileRef = 482E67CB24E63E18002C5BD6 /* BuyRecord.storyboard */; };
		482E67CE24E63E25002C5BD6 /* BuyRecordViewController.swift in Sources */ = {isa = PBXBuildFile; fileRef = 482E67CD24E63E25002C5BD6 /* BuyRecordViewController.swift */; };
		482E67D224E64287002C5BD6 /* BuyTableViewCell.swift in Sources */ = {isa = PBXBuildFile; fileRef = 482E67D024E64287002C5BD6 /* BuyTableViewCell.swift */; };
		482E67D324E64287002C5BD6 /* BuyTableViewCell.xib in Resources */ = {isa = PBXBuildFile; fileRef = 482E67D124E64287002C5BD6 /* BuyTableViewCell.xib */; };
		484A3FA824DE7C5C00D3A34B /* AppDelegate.swift in Sources */ = {isa = PBXBuildFile; fileRef = 484A3FA724DE7C5C00D3A34B /* AppDelegate.swift */; };
		484A3FAA24DE7C5C00D3A34B /* SceneDelegate.swift in Sources */ = {isa = PBXBuildFile; fileRef = 484A3FA924DE7C5C00D3A34B /* SceneDelegate.swift */; };
		484A3FAC24DE7C5C00D3A34B /* ViewController.swift in Sources */ = {isa = PBXBuildFile; fileRef = 484A3FAB24DE7C5C00D3A34B /* ViewController.swift */; };
		484A3FAF24DE7C5C00D3A34B /* Main.storyboard in Resources */ = {isa = PBXBuildFile; fileRef = 484A3FAD24DE7C5C00D3A34B /* Main.storyboard */; };
		484A3FB224DE7C5C00D3A34B /* StockDiary.xcdatamodeld in Sources */ = {isa = PBXBuildFile; fileRef = 484A3FB024DE7C5C00D3A34B /* StockDiary.xcdatamodeld */; };
		484A3FB424DE7C5D00D3A34B /* Assets.xcassets in Resources */ = {isa = PBXBuildFile; fileRef = 484A3FB324DE7C5D00D3A34B /* Assets.xcassets */; };
		484A3FB724DE7C5D00D3A34B /* LaunchScreen.storyboard in Resources */ = {isa = PBXBuildFile; fileRef = 484A3FB524DE7C5D00D3A34B /* LaunchScreen.storyboard */; };
		484A3FC024DE7D5E00D3A34B /* Trading.storyboard in Resources */ = {isa = PBXBuildFile; fileRef = 484A3FBF24DE7D5E00D3A34B /* Trading.storyboard */; };
		484A3FC224DE7F0800D3A34B /* MainTabBarController.swift in Sources */ = {isa = PBXBuildFile; fileRef = 484A3FC124DE7F0800D3A34B /* MainTabBarController.swift */; };
		484A3FC424DE7F3100D3A34B /* TradingViewController.swift in Sources */ = {isa = PBXBuildFile; fileRef = 484A3FC324DE7F3100D3A34B /* TradingViewController.swift */; };
		484A3FC724DE833D00D3A34B /* Memo.storyboard in Resources */ = {isa = PBXBuildFile; fileRef = 484A3FC624DE833D00D3A34B /* Memo.storyboard */; };
		484A3FC924DE83A400D3A34B /* MemoViewController.swift in Sources */ = {isa = PBXBuildFile; fileRef = 484A3FC824DE83A400D3A34B /* MemoViewController.swift */; };
		484A3FCC24DE8ECC00D3A34B /* CustomTabBarCell.swift in Sources */ = {isa = PBXBuildFile; fileRef = 484A3FCB24DE8ECC00D3A34B /* CustomTabBarCell.swift */; };
		485EEC0824E7BA8B006D5900 /* BuyCompose.storyboard in Resources */ = {isa = PBXBuildFile; fileRef = 485EEC0724E7BA8B006D5900 /* BuyCompose.storyboard */; };
		485EEC0C24E7BAE3006D5900 /* BuyComposeController.swift in Sources */ = {isa = PBXBuildFile; fileRef = 485EEC0B24E7BAE3006D5900 /* BuyComposeController.swift */; };
		485EEC0E24E7BAFF006D5900 /* BuyComposeViewModel.swift in Sources */ = {isa = PBXBuildFile; fileRef = 485EEC0D24E7BAFF006D5900 /* BuyComposeViewModel.swift */; };
		4874263924DEDC4100427226 /* CustomTabBar.swift in Sources */ = {isa = PBXBuildFile; fileRef = 4874263824DEDC4100427226 /* CustomTabBar.swift */; };
		4882E5CA24DFE6E800D9C18E /* PageCell.swift in Sources */ = {isa = PBXBuildFile; fileRef = 4882E5C924DFE6E800D9C18E /* PageCell.swift */; };
		48A9AF8B24E18C51005DCA54 /* PageController.swift in Sources */ = {isa = PBXBuildFile; fileRef = 48A9AF8A24E18C51005DCA54 /* PageController.swift */; };
		48A9AF8D24E18DE6005DCA54 /* SellController.swift in Sources */ = {isa = PBXBuildFile; fileRef = 48A9AF8C24E18DE6005DCA54 /* SellController.swift */; };
		48A9AF8F24E18DF3005DCA54 /* BuyController.swift in Sources */ = {isa = PBXBuildFile; fileRef = 48A9AF8E24E18DF3005DCA54 /* BuyController.swift */; };
		48A9AF9124E18DFD005DCA54 /* TotalController.swift in Sources */ = {isa = PBXBuildFile; fileRef = 48A9AF9024E18DFD005DCA54 /* TotalController.swift */; };
		48CF384324E7780300472395 /* CommonViewModel.swift in Sources */ = {isa = PBXBuildFile; fileRef = 48CF384224E7780300472395 /* CommonViewModel.swift */; };
		48CF384724E7797D00472395 /* BuyRecord.swift in Sources */ = {isa = PBXBuildFile; fileRef = 48CF384624E7797D00472395 /* BuyRecord.swift */; };
		48CF384B24E77AD400472395 /* BuyRecordStorageType.swift in Sources */ = {isa = PBXBuildFile; fileRef = 48CF384A24E77AD400472395 /* BuyRecordStorageType.swift */; };
		48CF384F24E77BD400472395 /* MemoryStorage.swift in Sources */ = {isa = PBXBuildFile; fileRef = 48CF384E24E77BD400472395 /* MemoryStorage.swift */; };
		DF9D0D7F12887A137DF3B8D5 /* Pods_StockDiary.framework in Frameworks */ = {isa = PBXBuildFile; fileRef = F73C85B3BF0CA52E3E93FD89 /* Pods_StockDiary.framework */; };
/* End PBXBuildFile section */

/* Begin PBXFileReference section */
		32FE1CD456C553D8BE273C1E /* Pods-StockDiary.release.xcconfig */ = {isa = PBXFileReference; includeInIndex = 1; lastKnownFileType = text.xcconfig; name = "Pods-StockDiary.release.xcconfig"; path = "Target Support Files/Pods-StockDiary/Pods-StockDiary.release.xcconfig"; sourceTree = "<group>"; };
		4814AA3B24E64E56002426F8 /* BuyDetail.storyboard */ = {isa = PBXFileReference; lastKnownFileType = file.storyboard; path = BuyDetail.storyboard; sourceTree = "<group>"; };
		4814AA3D24E64E78002426F8 /* BuyDetailController.swift */ = {isa = PBXFileReference; lastKnownFileType = sourcecode.swift; path = BuyDetailController.swift; sourceTree = "<group>"; };
		4814AA3F24E65245002426F8 /* BuyDetailViewModel.swift */ = {isa = PBXFileReference; lastKnownFileType = sourcecode.swift; path = BuyDetailViewModel.swift; sourceTree = "<group>"; };
		4814AA4324E6604E002426F8 /* BuyRecordViewModel.swift */ = {isa = PBXFileReference; lastKnownFileType = sourcecode.swift; path = BuyRecordViewModel.swift; sourceTree = "<group>"; };
		4814AA4624E66873002426F8 /* ViewModelBindableType.swift */ = {isa = PBXFileReference; lastKnownFileType = sourcecode.swift; path = ViewModelBindableType.swift; sourceTree = "<group>"; };
		4814AA4924E66B3D002426F8 /* TransitionModel.swift */ = {isa = PBXFileReference; lastKnownFileType = sourcecode.swift; path = TransitionModel.swift; sourceTree = "<group>"; };
		4814AA4B24E66BB2002426F8 /* Scene.swift */ = {isa = PBXFileReference; lastKnownFileType = sourcecode.swift; path = Scene.swift; sourceTree = "<group>"; };
		4814AA4D24E674EB002426F8 /* SceneCoordinatorType.swift */ = {isa = PBXFileReference; lastKnownFileType = sourcecode.swift; path = SceneCoordinatorType.swift; sourceTree = "<group>"; };
		4814AA4F24E675AF002426F8 /* SceneCoordinator.swift */ = {isa = PBXFileReference; lastKnownFileType = sourcecode.swift; path = SceneCoordinator.swift; sourceTree = "<group>"; };
		482E67CB24E63E18002C5BD6 /* BuyRecord.storyboard */ = {isa = PBXFileReference; lastKnownFileType = file.storyboard; path = BuyRecord.storyboard; sourceTree = "<group>"; };
		482E67CD24E63E25002C5BD6 /* BuyRecordViewController.swift */ = {isa = PBXFileReference; lastKnownFileType = sourcecode.swift; path = BuyRecordViewController.swift; sourceTree = "<group>"; };
		482E67D024E64287002C5BD6 /* BuyTableViewCell.swift */ = {isa = PBXFileReference; lastKnownFileType = sourcecode.swift; path = BuyTableViewCell.swift; sourceTree = "<group>"; };
		482E67D124E64287002C5BD6 /* BuyTableViewCell.xib */ = {isa = PBXFileReference; lastKnownFileType = file.xib; path = BuyTableViewCell.xib; sourceTree = "<group>"; };
		484A3FA424DE7C5C00D3A34B /* StockDiary.app */ = {isa = PBXFileReference; explicitFileType = wrapper.application; includeInIndex = 0; path = StockDiary.app; sourceTree = BUILT_PRODUCTS_DIR; };
		484A3FA724DE7C5C00D3A34B /* AppDelegate.swift */ = {isa = PBXFileReference; lastKnownFileType = sourcecode.swift; path = AppDelegate.swift; sourceTree = "<group>"; };
		484A3FA924DE7C5C00D3A34B /* SceneDelegate.swift */ = {isa = PBXFileReference; lastKnownFileType = sourcecode.swift; path = SceneDelegate.swift; sourceTree = "<group>"; };
		484A3FAB24DE7C5C00D3A34B /* ViewController.swift */ = {isa = PBXFileReference; lastKnownFileType = sourcecode.swift; path = ViewController.swift; sourceTree = "<group>"; };
		484A3FAE24DE7C5C00D3A34B /* Base */ = {isa = PBXFileReference; lastKnownFileType = file.storyboard; name = Base; path = Base.lproj/Main.storyboard; sourceTree = "<group>"; };
		484A3FB124DE7C5C00D3A34B /* StockDiary.xcdatamodel */ = {isa = PBXFileReference; lastKnownFileType = wrapper.xcdatamodel; path = StockDiary.xcdatamodel; sourceTree = "<group>"; };
		484A3FB324DE7C5D00D3A34B /* Assets.xcassets */ = {isa = PBXFileReference; lastKnownFileType = folder.assetcatalog; path = Assets.xcassets; sourceTree = "<group>"; };
		484A3FB624DE7C5D00D3A34B /* Base */ = {isa = PBXFileReference; lastKnownFileType = file.storyboard; name = Base; path = Base.lproj/LaunchScreen.storyboard; sourceTree = "<group>"; };
		484A3FB824DE7C5D00D3A34B /* Info.plist */ = {isa = PBXFileReference; lastKnownFileType = text.plist.xml; path = Info.plist; sourceTree = "<group>"; };
		484A3FBF24DE7D5E00D3A34B /* Trading.storyboard */ = {isa = PBXFileReference; lastKnownFileType = file.storyboard; path = Trading.storyboard; sourceTree = "<group>"; };
		484A3FC124DE7F0800D3A34B /* MainTabBarController.swift */ = {isa = PBXFileReference; lastKnownFileType = sourcecode.swift; path = MainTabBarController.swift; sourceTree = "<group>"; };
		484A3FC324DE7F3100D3A34B /* TradingViewController.swift */ = {isa = PBXFileReference; lastKnownFileType = sourcecode.swift; path = TradingViewController.swift; sourceTree = "<group>"; };
		484A3FC624DE833D00D3A34B /* Memo.storyboard */ = {isa = PBXFileReference; lastKnownFileType = file.storyboard; path = Memo.storyboard; sourceTree = "<group>"; };
		484A3FC824DE83A400D3A34B /* MemoViewController.swift */ = {isa = PBXFileReference; lastKnownFileType = sourcecode.swift; path = MemoViewController.swift; sourceTree = "<group>"; };
		484A3FCB24DE8ECC00D3A34B /* CustomTabBarCell.swift */ = {isa = PBXFileReference; lastKnownFileType = sourcecode.swift; path = CustomTabBarCell.swift; sourceTree = "<group>"; };
		485EEC0724E7BA8B006D5900 /* BuyCompose.storyboard */ = {isa = PBXFileReference; lastKnownFileType = file.storyboard; path = BuyCompose.storyboard; sourceTree = "<group>"; };
		485EEC0B24E7BAE3006D5900 /* BuyComposeController.swift */ = {isa = PBXFileReference; lastKnownFileType = sourcecode.swift; path = BuyComposeController.swift; sourceTree = "<group>"; };
		485EEC0D24E7BAFF006D5900 /* BuyComposeViewModel.swift */ = {isa = PBXFileReference; lastKnownFileType = sourcecode.swift; path = BuyComposeViewModel.swift; sourceTree = "<group>"; };
		4874263824DEDC4100427226 /* CustomTabBar.swift */ = {isa = PBXFileReference; lastKnownFileType = sourcecode.swift; path = CustomTabBar.swift; sourceTree = "<group>"; };
		4882E5C924DFE6E800D9C18E /* PageCell.swift */ = {isa = PBXFileReference; lastKnownFileType = sourcecode.swift; path = PageCell.swift; sourceTree = "<group>"; };
		48A9AF8A24E18C51005DCA54 /* PageController.swift */ = {isa = PBXFileReference; lastKnownFileType = sourcecode.swift; path = PageController.swift; sourceTree = "<group>"; };
		48A9AF8C24E18DE6005DCA54 /* SellController.swift */ = {isa = PBXFileReference; lastKnownFileType = sourcecode.swift; path = SellController.swift; sourceTree = "<group>"; };
		48A9AF8E24E18DF3005DCA54 /* BuyController.swift */ = {isa = PBXFileReference; lastKnownFileType = sourcecode.swift; path = BuyController.swift; sourceTree = "<group>"; };
		48A9AF9024E18DFD005DCA54 /* TotalController.swift */ = {isa = PBXFileReference; lastKnownFileType = sourcecode.swift; path = TotalController.swift; sourceTree = "<group>"; };
		48CF384224E7780300472395 /* CommonViewModel.swift */ = {isa = PBXFileReference; lastKnownFileType = sourcecode.swift; path = CommonViewModel.swift; sourceTree = "<group>"; };
		48CF384624E7797D00472395 /* BuyRecord.swift */ = {isa = PBXFileReference; lastKnownFileType = sourcecode.swift; path = BuyRecord.swift; sourceTree = "<group>"; };
		48CF384A24E77AD400472395 /* BuyRecordStorageType.swift */ = {isa = PBXFileReference; lastKnownFileType = sourcecode.swift; path = BuyRecordStorageType.swift; sourceTree = "<group>"; };
		48CF384E24E77BD400472395 /* MemoryStorage.swift */ = {isa = PBXFileReference; lastKnownFileType = sourcecode.swift; path = MemoryStorage.swift; sourceTree = "<group>"; };
		62DF0892334199EDFC11C4FC /* Pods-StockDiary.debug.xcconfig */ = {isa = PBXFileReference; includeInIndex = 1; lastKnownFileType = text.xcconfig; name = "Pods-StockDiary.debug.xcconfig"; path = "Target Support Files/Pods-StockDiary/Pods-StockDiary.debug.xcconfig"; sourceTree = "<group>"; };
		F73C85B3BF0CA52E3E93FD89 /* Pods_StockDiary.framework */ = {isa = PBXFileReference; explicitFileType = wrapper.framework; includeInIndex = 0; path = Pods_StockDiary.framework; sourceTree = BUILT_PRODUCTS_DIR; };
/* End PBXFileReference section */

/* Begin PBXFrameworksBuildPhase section */
		484A3FA124DE7C5C00D3A34B /* Frameworks */ = {
			isa = PBXFrameworksBuildPhase;
			buildActionMask = 2147483647;
			files = (
				DF9D0D7F12887A137DF3B8D5 /* Pods_StockDiary.framework in Frameworks */,
			);
			runOnlyForDeploymentPostprocessing = 0;
		};
/* End PBXFrameworksBuildPhase section */

/* Begin PBXGroup section */
		431DB55075274F3F533597E4 /* Pods */ = {
			isa = PBXGroup;
			children = (
				62DF0892334199EDFC11C4FC /* Pods-StockDiary.debug.xcconfig */,
				32FE1CD456C553D8BE273C1E /* Pods-StockDiary.release.xcconfig */,
			);
			path = Pods;
			sourceTree = "<group>";
		};
		4814AA3A24E64E3B002426F8 /* BuyDetail */ = {
			isa = PBXGroup;
			children = (
				4814AA3B24E64E56002426F8 /* BuyDetail.storyboard */,
				4814AA3D24E64E78002426F8 /* BuyDetailController.swift */,
				4814AA3F24E65245002426F8 /* BuyDetailViewModel.swift */,
			);
			path = BuyDetail;
			sourceTree = "<group>";
		};
		4814AA4524E66865002426F8 /* Base */ = {
			isa = PBXGroup;
			children = (
				4814AA4624E66873002426F8 /* ViewModelBindableType.swift */,
				48CF384224E7780300472395 /* CommonViewModel.swift */,
			);
			path = Base;
			sourceTree = "<group>";
		};
		4814AA4824E66B33002426F8 /* Scene */ = {
			isa = PBXGroup;
			children = (
				4814AA4924E66B3D002426F8 /* TransitionModel.swift */,
				4814AA4B24E66BB2002426F8 /* Scene.swift */,
				4814AA4D24E674EB002426F8 /* SceneCoordinatorType.swift */,
				4814AA4F24E675AF002426F8 /* SceneCoordinator.swift */,
			);
			path = Scene;
			sourceTree = "<group>";
		};
		482E67CA24E63DF8002C5BD6 /* BuyRecord */ = {
			isa = PBXGroup;
			children = (
				485EEC0624E7BA68006D5900 /* BuyCompose */,
				4814AA3A24E64E3B002426F8 /* BuyDetail */,
				482E67CF24E64264002C5BD6 /* View */,
				482E67CB24E63E18002C5BD6 /* BuyRecord.storyboard */,
				482E67CD24E63E25002C5BD6 /* BuyRecordViewController.swift */,
				4814AA4324E6604E002426F8 /* BuyRecordViewModel.swift */,
			);
			path = BuyRecord;
			sourceTree = "<group>";
		};
		482E67CF24E64264002C5BD6 /* View */ = {
			isa = PBXGroup;
			children = (
				482E67D024E64287002C5BD6 /* BuyTableViewCell.swift */,
				482E67D124E64287002C5BD6 /* BuyTableViewCell.xib */,
			);
			path = View;
			sourceTree = "<group>";
		};
		484A3F9B24DE7C5C00D3A34B = {
			isa = PBXGroup;
			children = (
				484A3FA624DE7C5C00D3A34B /* StockDiary */,
				484A3FA524DE7C5C00D3A34B /* Products */,
				431DB55075274F3F533597E4 /* Pods */,
				9C59D88B4177FF08AF6E486D /* Frameworks */,
			);
			sourceTree = "<group>";
		};
		484A3FA524DE7C5C00D3A34B /* Products */ = {
			isa = PBXGroup;
			children = (
				484A3FA424DE7C5C00D3A34B /* StockDiary.app */,
			);
			name = Products;
			sourceTree = "<group>";
		};
		484A3FA624DE7C5C00D3A34B /* StockDiary */ = {
			isa = PBXGroup;
			children = (
				48CF384824E77ABE00472395 /* Service */,
				48CF384424E7793000472395 /* Model */,
				4814AA4824E66B33002426F8 /* Scene */,
				4814AA4524E66865002426F8 /* Base */,
				482E67CA24E63DF8002C5BD6 /* BuyRecord */,
				484A3FCA24DE8E6D00D3A34B /* CustomView */,
				484A3FC524DE82C900D3A34B /* Memo */,
				484A3FBE24DE7C9000D3A34B /* TradingRecord */,
				484A3FA724DE7C5C00D3A34B /* AppDelegate.swift */,
				484A3FA924DE7C5C00D3A34B /* SceneDelegate.swift */,
				484A3FAB24DE7C5C00D3A34B /* ViewController.swift */,
				484A3FAD24DE7C5C00D3A34B /* Main.storyboard */,
				484A3FB324DE7C5D00D3A34B /* Assets.xcassets */,
				484A3FB524DE7C5D00D3A34B /* LaunchScreen.storyboard */,
				484A3FB824DE7C5D00D3A34B /* Info.plist */,
				484A3FC124DE7F0800D3A34B /* MainTabBarController.swift */,
			);
			path = StockDiary;
			sourceTree = "<group>";
		};
		484A3FBE24DE7C9000D3A34B /* TradingRecord */ = {
			isa = PBXGroup;
			children = (
				48BCB56F24E56AAE00964796 /* TotalHistory */,
				48BCB56E24E56AA600964796 /* BuyHistory */,
				48BCB56D24E56A9000964796 /* SellHistory */,
				48A9AF8924E18C34005DCA54 /* View */,
				484A3FBF24DE7D5E00D3A34B /* Trading.storyboard */,
				484A3FC324DE7F3100D3A34B /* TradingViewController.swift */,
			);
			path = TradingRecord;
			sourceTree = "<group>";
		};
		484A3FC524DE82C900D3A34B /* Memo */ = {
			isa = PBXGroup;
			children = (
				484A3FC624DE833D00D3A34B /* Memo.storyboard */,
				484A3FC824DE83A400D3A34B /* MemoViewController.swift */,
			);
			path = Memo;
			sourceTree = "<group>";
		};
		484A3FCA24DE8E6D00D3A34B /* CustomView */ = {
			isa = PBXGroup;
			children = (
				484A3FCB24DE8ECC00D3A34B /* CustomTabBarCell.swift */,
				4874263824DEDC4100427226 /* CustomTabBar.swift */,
				4882E5C924DFE6E800D9C18E /* PageCell.swift */,
			);
			path = CustomView;
			sourceTree = "<group>";
		};
		485EEC0624E7BA68006D5900 /* BuyCompose */ = {
			isa = PBXGroup;
			children = (
				485EEC0724E7BA8B006D5900 /* BuyCompose.storyboard */,
				485EEC0B24E7BAE3006D5900 /* BuyComposeController.swift */,
				485EEC0D24E7BAFF006D5900 /* BuyComposeViewModel.swift */,
			);
			path = BuyCompose;
			sourceTree = "<group>";
		};
		48A9AF8924E18C34005DCA54 /* View */ = {
			isa = PBXGroup;
			children = (
				48A9AF8A24E18C51005DCA54 /* PageController.swift */,
			);
			path = View;
			sourceTree = "<group>";
		};
		48BCB56D24E56A9000964796 /* SellHistory */ = {
			isa = PBXGroup;
			children = (
				48A9AF8C24E18DE6005DCA54 /* SellController.swift */,
			);
			path = SellHistory;
			sourceTree = "<group>";
		};
		48BCB56E24E56AA600964796 /* BuyHistory */ = {
			isa = PBXGroup;
			children = (
				48A9AF8E24E18DF3005DCA54 /* BuyController.swift */,
			);
			path = BuyHistory;
			sourceTree = "<group>";
		};
		48BCB56F24E56AAE00964796 /* TotalHistory */ = {
			isa = PBXGroup;
			children = (
				48A9AF9024E18DFD005DCA54 /* TotalController.swift */,
			);
			path = TotalHistory;
			sourceTree = "<group>";
		};
		48CF384424E7793000472395 /* Model */ = {
			isa = PBXGroup;
			children = (
				48CF384624E7797D00472395 /* BuyRecord.swift */,
			);
			path = Model;
			sourceTree = "<group>";
		};
		48CF384824E77ABE00472395 /* Service */ = {
			isa = PBXGroup;
			children = (
				48CF384A24E77AD400472395 /* BuyRecordStorageType.swift */,
				48CF384D24E77BA300472395 /* CoreDataStorage */,
				48CF384C24E77B7200472395 /* MemoryStorage */,
			);
			path = Service;
			sourceTree = "<group>";
		};
		48CF384C24E77B7200472395 /* MemoryStorage */ = {
			isa = PBXGroup;
			children = (
				48CF384E24E77BD400472395 /* MemoryStorage.swift */,
			);
			path = MemoryStorage;
			sourceTree = "<group>";
		};
		48CF384D24E77BA300472395 /* CoreDataStorage */ = {
			isa = PBXGroup;
			children = (
				484A3FB024DE7C5C00D3A34B /* StockDiary.xcdatamodeld */,
			);
			path = CoreDataStorage;
			sourceTree = "<group>";
		};
		9C59D88B4177FF08AF6E486D /* Frameworks */ = {
			isa = PBXGroup;
			children = (
				F73C85B3BF0CA52E3E93FD89 /* Pods_StockDiary.framework */,
			);
			name = Frameworks;
			sourceTree = "<group>";
		};
/* End PBXGroup section */

/* Begin PBXNativeTarget section */
		484A3FA324DE7C5C00D3A34B /* StockDiary */ = {
			isa = PBXNativeTarget;
			buildConfigurationList = 484A3FBB24DE7C5D00D3A34B /* Build configuration list for PBXNativeTarget "StockDiary" */;
			buildPhases = (
				3987FB7EEDFA1625446BDB3E /* [CP] Check Pods Manifest.lock */,
				484A3FA024DE7C5C00D3A34B /* Sources */,
				484A3FA124DE7C5C00D3A34B /* Frameworks */,
				484A3FA224DE7C5C00D3A34B /* Resources */,
				A1902F385113CF0BDB4E2011 /* [CP] Embed Pods Frameworks */,
			);
			buildRules = (
			);
			dependencies = (
			);
			name = StockDiary;
			productName = StockDiary;
			productReference = 484A3FA424DE7C5C00D3A34B /* StockDiary.app */;
			productType = "com.apple.product-type.application";
		};
/* End PBXNativeTarget section */

/* Begin PBXProject section */
		484A3F9C24DE7C5C00D3A34B /* Project object */ = {
			isa = PBXProject;
			attributes = {
				LastSwiftUpdateCheck = 1150;
				LastUpgradeCheck = 1150;
				ORGANIZATIONNAME = kipCalm;
				TargetAttributes = {
					484A3FA324DE7C5C00D3A34B = {
						CreatedOnToolsVersion = 11.5;
					};
				};
			};
			buildConfigurationList = 484A3F9F24DE7C5C00D3A34B /* Build configuration list for PBXProject "StockDiary" */;
			compatibilityVersion = "Xcode 9.3";
			developmentRegion = en;
			hasScannedForEncodings = 0;
			knownRegions = (
				en,
				Base,
			);
			mainGroup = 484A3F9B24DE7C5C00D3A34B;
			productRefGroup = 484A3FA524DE7C5C00D3A34B /* Products */;
			projectDirPath = "";
			projectRoot = "";
			targets = (
				484A3FA324DE7C5C00D3A34B /* StockDiary */,
			);
		};
/* End PBXProject section */

/* Begin PBXResourcesBuildPhase section */
		484A3FA224DE7C5C00D3A34B /* Resources */ = {
			isa = PBXResourcesBuildPhase;
			buildActionMask = 2147483647;
			files = (
				484A3FB724DE7C5D00D3A34B /* LaunchScreen.storyboard in Resources */,
				484A3FB424DE7C5D00D3A34B /* Assets.xcassets in Resources */,
				484A3FC024DE7D5E00D3A34B /* Trading.storyboard in Resources */,
				484A3FC724DE833D00D3A34B /* Memo.storyboard in Resources */,
				482E67CC24E63E18002C5BD6 /* BuyRecord.storyboard in Resources */,
				484A3FAF24DE7C5C00D3A34B /* Main.storyboard in Resources */,
				485EEC0824E7BA8B006D5900 /* BuyCompose.storyboard in Resources */,
				4814AA3C24E64E56002426F8 /* BuyDetail.storyboard in Resources */,
				482E67D324E64287002C5BD6 /* BuyTableViewCell.xib in Resources */,
			);
			runOnlyForDeploymentPostprocessing = 0;
		};
/* End PBXResourcesBuildPhase section */

/* Begin PBXShellScriptBuildPhase section */
		3987FB7EEDFA1625446BDB3E /* [CP] Check Pods Manifest.lock */ = {
			isa = PBXShellScriptBuildPhase;
			buildActionMask = 2147483647;
			files = (
			);
			inputFileListPaths = (
			);
			inputPaths = (
				"${PODS_PODFILE_DIR_PATH}/Podfile.lock",
				"${PODS_ROOT}/Manifest.lock",
			);
			name = "[CP] Check Pods Manifest.lock";
			outputFileListPaths = (
			);
			outputPaths = (
				"$(DERIVED_FILE_DIR)/Pods-StockDiary-checkManifestLockResult.txt",
			);
			runOnlyForDeploymentPostprocessing = 0;
			shellPath = /bin/sh;
			shellScript = "diff \"${PODS_PODFILE_DIR_PATH}/Podfile.lock\" \"${PODS_ROOT}/Manifest.lock\" > /dev/null\nif [ $? != 0 ] ; then\n    # print error to STDERR\n    echo \"error: The sandbox is not in sync with the Podfile.lock. Run 'pod install' or update your CocoaPods installation.\" >&2\n    exit 1\nfi\n# This output is used by Xcode 'outputs' to avoid re-running this script phase.\necho \"SUCCESS\" > \"${SCRIPT_OUTPUT_FILE_0}\"\n";
			showEnvVarsInLog = 0;
		};
		A1902F385113CF0BDB4E2011 /* [CP] Embed Pods Frameworks */ = {
			isa = PBXShellScriptBuildPhase;
			buildActionMask = 2147483647;
			files = (
			);
			inputFileListPaths = (
				"${PODS_ROOT}/Target Support Files/Pods-StockDiary/Pods-StockDiary-frameworks-${CONFIGURATION}-input-files.xcfilelist",
			);
			name = "[CP] Embed Pods Frameworks";
			outputFileListPaths = (
				"${PODS_ROOT}/Target Support Files/Pods-StockDiary/Pods-StockDiary-frameworks-${CONFIGURATION}-output-files.xcfilelist",
			);
			runOnlyForDeploymentPostprocessing = 0;
			shellPath = /bin/sh;
			shellScript = "\"${PODS_ROOT}/Target Support Files/Pods-StockDiary/Pods-StockDiary-frameworks.sh\"\n";
			showEnvVarsInLog = 0;
		};
/* End PBXShellScriptBuildPhase section */

/* Begin PBXSourcesBuildPhase section */
		484A3FA024DE7C5C00D3A34B /* Sources */ = {
			isa = PBXSourcesBuildPhase;
			buildActionMask = 2147483647;
			files = (
				484A3FCC24DE8ECC00D3A34B /* CustomTabBarCell.swift in Sources */,
				485EEC0C24E7BAE3006D5900 /* BuyComposeController.swift in Sources */,
				484A3FC424DE7F3100D3A34B /* TradingViewController.swift in Sources */,
				48A9AF8B24E18C51005DCA54 /* PageController.swift in Sources */,
				4814AA5024E675AF002426F8 /* SceneCoordinator.swift in Sources */,
				484A3FB224DE7C5C00D3A34B /* StockDiary.xcdatamodeld in Sources */,
				4814AA3E24E64E78002426F8 /* BuyDetailController.swift in Sources */,
				482E67D224E64287002C5BD6 /* BuyTableViewCell.swift in Sources */,
				4814AA4724E66873002426F8 /* ViewModelBindableType.swift in Sources */,
				48CF384F24E77BD400472395 /* MemoryStorage.swift in Sources */,
				48A9AF8D24E18DE6005DCA54 /* SellController.swift in Sources */,
				48CF384724E7797D00472395 /* BuyRecord.swift in Sources */,
				4814AA4024E65245002426F8 /* BuyDetailViewModel.swift in Sources */,
				484A3FAC24DE7C5C00D3A34B /* ViewController.swift in Sources */,
				48A9AF9124E18DFD005DCA54 /* TotalController.swift in Sources */,
				4814AA4A24E66B3D002426F8 /* TransitionModel.swift in Sources */,
				4874263924DEDC4100427226 /* CustomTabBar.swift in Sources */,
				48CF384324E7780300472395 /* CommonViewModel.swift in Sources */,
				48CF384B24E77AD400472395 /* BuyRecordStorageType.swift in Sources */,
				4814AA4424E6604E002426F8 /* BuyRecordViewModel.swift in Sources */,
				484A3FC224DE7F0800D3A34B /* MainTabBarController.swift in Sources */,
				4882E5CA24DFE6E800D9C18E /* PageCell.swift in Sources */,
				48A9AF8F24E18DF3005DCA54 /* BuyController.swift in Sources */,
				482E67CE24E63E25002C5BD6 /* BuyRecordViewController.swift in Sources */,
				484A3FC924DE83A400D3A34B /* MemoViewController.swift in Sources */,
				484A3FA824DE7C5C00D3A34B /* AppDelegate.swift in Sources */,
				485EEC0E24E7BAFF006D5900 /* BuyComposeViewModel.swift in Sources */,
				484A3FAA24DE7C5C00D3A34B /* SceneDelegate.swift in Sources */,
				4814AA4E24E674EB002426F8 /* SceneCoordinatorType.swift in Sources */,
				4814AA4C24E66BB2002426F8 /* Scene.swift in Sources */,
			);
			runOnlyForDeploymentPostprocessing = 0;
		};
/* End PBXSourcesBuildPhase section */

/* Begin PBXVariantGroup section */
		484A3FAD24DE7C5C00D3A34B /* Main.storyboard */ = {
			isa = PBXVariantGroup;
			children = (
				484A3FAE24DE7C5C00D3A34B /* Base */,
			);
			name = Main.storyboard;
			sourceTree = "<group>";
		};
		484A3FB524DE7C5D00D3A34B /* LaunchScreen.storyboard */ = {
			isa = PBXVariantGroup;
			children = (
				484A3FB624DE7C5D00D3A34B /* Base */,
			);
			name = LaunchScreen.storyboard;
			sourceTree = "<group>";
		};
/* End PBXVariantGroup section */

/* Begin XCBuildConfiguration section */
		484A3FB924DE7C5D00D3A34B /* Debug */ = {
			isa = XCBuildConfiguration;
			buildSettings = {
				ALWAYS_SEARCH_USER_PATHS = NO;
				CLANG_ANALYZER_NONNULL = YES;
				CLANG_ANALYZER_NUMBER_OBJECT_CONVERSION = YES_AGGRESSIVE;
				CLANG_CXX_LANGUAGE_STANDARD = "gnu++14";
				CLANG_CXX_LIBRARY = "libc++";
				CLANG_ENABLE_MODULES = YES;
				CLANG_ENABLE_OBJC_ARC = YES;
				CLANG_ENABLE_OBJC_WEAK = YES;
				CLANG_WARN_BLOCK_CAPTURE_AUTORELEASING = YES;
				CLANG_WARN_BOOL_CONVERSION = YES;
				CLANG_WARN_COMMA = YES;
				CLANG_WARN_CONSTANT_CONVERSION = YES;
				CLANG_WARN_DEPRECATED_OBJC_IMPLEMENTATIONS = YES;
				CLANG_WARN_DIRECT_OBJC_ISA_USAGE = YES_ERROR;
				CLANG_WARN_DOCUMENTATION_COMMENTS = YES;
				CLANG_WARN_EMPTY_BODY = YES;
				CLANG_WARN_ENUM_CONVERSION = YES;
				CLANG_WARN_INFINITE_RECURSION = YES;
				CLANG_WARN_INT_CONVERSION = YES;
				CLANG_WARN_NON_LITERAL_NULL_CONVERSION = YES;
				CLANG_WARN_OBJC_IMPLICIT_RETAIN_SELF = YES;
				CLANG_WARN_OBJC_LITERAL_CONVERSION = YES;
				CLANG_WARN_OBJC_ROOT_CLASS = YES_ERROR;
				CLANG_WARN_RANGE_LOOP_ANALYSIS = YES;
				CLANG_WARN_STRICT_PROTOTYPES = YES;
				CLANG_WARN_SUSPICIOUS_MOVE = YES;
				CLANG_WARN_UNGUARDED_AVAILABILITY = YES_AGGRESSIVE;
				CLANG_WARN_UNREACHABLE_CODE = YES;
				CLANG_WARN__DUPLICATE_METHOD_MATCH = YES;
				COPY_PHASE_STRIP = NO;
				DEBUG_INFORMATION_FORMAT = dwarf;
				ENABLE_STRICT_OBJC_MSGSEND = YES;
				ENABLE_TESTABILITY = YES;
				GCC_C_LANGUAGE_STANDARD = gnu11;
				GCC_DYNAMIC_NO_PIC = NO;
				GCC_NO_COMMON_BLOCKS = YES;
				GCC_OPTIMIZATION_LEVEL = 0;
				GCC_PREPROCESSOR_DEFINITIONS = (
					"DEBUG=1",
					"$(inherited)",
				);
				GCC_WARN_64_TO_32_BIT_CONVERSION = YES;
				GCC_WARN_ABOUT_RETURN_TYPE = YES_ERROR;
				GCC_WARN_UNDECLARED_SELECTOR = YES;
				GCC_WARN_UNINITIALIZED_AUTOS = YES_AGGRESSIVE;
				GCC_WARN_UNUSED_FUNCTION = YES;
				GCC_WARN_UNUSED_VARIABLE = YES;
				IPHONEOS_DEPLOYMENT_TARGET = 13.5;
				MTL_ENABLE_DEBUG_INFO = INCLUDE_SOURCE;
				MTL_FAST_MATH = YES;
				ONLY_ACTIVE_ARCH = YES;
				SDKROOT = iphoneos;
				SWIFT_ACTIVE_COMPILATION_CONDITIONS = DEBUG;
				SWIFT_OPTIMIZATION_LEVEL = "-Onone";
			};
			name = Debug;
		};
		484A3FBA24DE7C5D00D3A34B /* Release */ = {
			isa = XCBuildConfiguration;
			buildSettings = {
				ALWAYS_SEARCH_USER_PATHS = NO;
				CLANG_ANALYZER_NONNULL = YES;
				CLANG_ANALYZER_NUMBER_OBJECT_CONVERSION = YES_AGGRESSIVE;
				CLANG_CXX_LANGUAGE_STANDARD = "gnu++14";
				CLANG_CXX_LIBRARY = "libc++";
				CLANG_ENABLE_MODULES = YES;
				CLANG_ENABLE_OBJC_ARC = YES;
				CLANG_ENABLE_OBJC_WEAK = YES;
				CLANG_WARN_BLOCK_CAPTURE_AUTORELEASING = YES;
				CLANG_WARN_BOOL_CONVERSION = YES;
				CLANG_WARN_COMMA = YES;
				CLANG_WARN_CONSTANT_CONVERSION = YES;
				CLANG_WARN_DEPRECATED_OBJC_IMPLEMENTATIONS = YES;
				CLANG_WARN_DIRECT_OBJC_ISA_USAGE = YES_ERROR;
				CLANG_WARN_DOCUMENTATION_COMMENTS = YES;
				CLANG_WARN_EMPTY_BODY = YES;
				CLANG_WARN_ENUM_CONVERSION = YES;
				CLANG_WARN_INFINITE_RECURSION = YES;
				CLANG_WARN_INT_CONVERSION = YES;
				CLANG_WARN_NON_LITERAL_NULL_CONVERSION = YES;
				CLANG_WARN_OBJC_IMPLICIT_RETAIN_SELF = YES;
				CLANG_WARN_OBJC_LITERAL_CONVERSION = YES;
				CLANG_WARN_OBJC_ROOT_CLASS = YES_ERROR;
				CLANG_WARN_RANGE_LOOP_ANALYSIS = YES;
				CLANG_WARN_STRICT_PROTOTYPES = YES;
				CLANG_WARN_SUSPICIOUS_MOVE = YES;
				CLANG_WARN_UNGUARDED_AVAILABILITY = YES_AGGRESSIVE;
				CLANG_WARN_UNREACHABLE_CODE = YES;
				CLANG_WARN__DUPLICATE_METHOD_MATCH = YES;
				COPY_PHASE_STRIP = NO;
				DEBUG_INFORMATION_FORMAT = "dwarf-with-dsym";
				ENABLE_NS_ASSERTIONS = NO;
				ENABLE_STRICT_OBJC_MSGSEND = YES;
				GCC_C_LANGUAGE_STANDARD = gnu11;
				GCC_NO_COMMON_BLOCKS = YES;
				GCC_WARN_64_TO_32_BIT_CONVERSION = YES;
				GCC_WARN_ABOUT_RETURN_TYPE = YES_ERROR;
				GCC_WARN_UNDECLARED_SELECTOR = YES;
				GCC_WARN_UNINITIALIZED_AUTOS = YES_AGGRESSIVE;
				GCC_WARN_UNUSED_FUNCTION = YES;
				GCC_WARN_UNUSED_VARIABLE = YES;
				IPHONEOS_DEPLOYMENT_TARGET = 13.5;
				MTL_ENABLE_DEBUG_INFO = NO;
				MTL_FAST_MATH = YES;
				SDKROOT = iphoneos;
				SWIFT_COMPILATION_MODE = wholemodule;
				SWIFT_OPTIMIZATION_LEVEL = "-O";
				VALIDATE_PRODUCT = YES;
			};
			name = Release;
		};
		484A3FBC24DE7C5D00D3A34B /* Debug */ = {
			isa = XCBuildConfiguration;
			baseConfigurationReference = 62DF0892334199EDFC11C4FC /* Pods-StockDiary.debug.xcconfig */;
			buildSettings = {
				ASSETCATALOG_COMPILER_APPICON_NAME = AppIcon;
				CODE_SIGN_STYLE = Automatic;
				INFOPLIST_FILE = StockDiary/Info.plist;
				LD_RUNPATH_SEARCH_PATHS = (
					"$(inherited)",
					"@executable_path/Frameworks",
				);
				PRODUCT_BUNDLE_IDENTIFIER = com.StockDiary;
				PRODUCT_NAME = "$(TARGET_NAME)";
				SWIFT_VERSION = 5.0;
				TARGETED_DEVICE_FAMILY = "1,2";
			};
			name = Debug;
		};
		484A3FBD24DE7C5D00D3A34B /* Release */ = {
			isa = XCBuildConfiguration;
			baseConfigurationReference = 32FE1CD456C553D8BE273C1E /* Pods-StockDiary.release.xcconfig */;
			buildSettings = {
				ASSETCATALOG_COMPILER_APPICON_NAME = AppIcon;
				CODE_SIGN_STYLE = Automatic;
				INFOPLIST_FILE = StockDiary/Info.plist;
				LD_RUNPATH_SEARCH_PATHS = (
					"$(inherited)",
					"@executable_path/Frameworks",
				);
				PRODUCT_BUNDLE_IDENTIFIER = com.StockDiary;
				PRODUCT_NAME = "$(TARGET_NAME)";
				SWIFT_VERSION = 5.0;
				TARGETED_DEVICE_FAMILY = "1,2";
			};
			name = Release;
		};
/* End XCBuildConfiguration section */

/* Begin XCConfigurationList section */
		484A3F9F24DE7C5C00D3A34B /* Build configuration list for PBXProject "StockDiary" */ = {
			isa = XCConfigurationList;
			buildConfigurations = (
				484A3FB924DE7C5D00D3A34B /* Debug */,
				484A3FBA24DE7C5D00D3A34B /* Release */,
			);
			defaultConfigurationIsVisible = 0;
			defaultConfigurationName = Release;
		};
		484A3FBB24DE7C5D00D3A34B /* Build configuration list for PBXNativeTarget "StockDiary" */ = {
			isa = XCConfigurationList;
			buildConfigurations = (
				484A3FBC24DE7C5D00D3A34B /* Debug */,
				484A3FBD24DE7C5D00D3A34B /* Release */,
			);
			defaultConfigurationIsVisible = 0;
			defaultConfigurationName = Release;
		};
/* End XCConfigurationList section */

/* Begin XCVersionGroup section */
		484A3FB024DE7C5C00D3A34B /* StockDiary.xcdatamodeld */ = {
			isa = XCVersionGroup;
			children = (
				484A3FB124DE7C5C00D3A34B /* StockDiary.xcdatamodel */,
			);
			currentVersion = 484A3FB124DE7C5C00D3A34B /* StockDiary.xcdatamodel */;
			path = StockDiary.xcdatamodeld;
			sourceTree = "<group>";
			versionGroupType = wrapper.xcdatamodel;
		};
/* End XCVersionGroup section */
	};
	rootObject = 484A3F9C24DE7C5C00D3A34B /* Project object */;
}
